
Microsoft Visual Studio Solution File, Format Version 12.00
# Visual Studio Version 16
VisualStudioVersion = 16.0.30611.23
MinimumVisualStudioVersion = 10.0.40219.1
Project("{FAE04EC0-301F-11D3-BF4B-00C04F79EFBC}") = "projet_log", "projet_log.csproj", "{F83D15F8-BB64-4612-A487-BC45414C456F}"
EndProject
Global
	GlobalSection(SolutionConfigurationPlatforms) = preSolution
		Debug|Any CPU = Debug|Any CPU
		Release|Any CPU = Release|Any CPU
	EndGlobalSection
	GlobalSection(ProjectConfigurationPlatforms) = postSolution
		{F83D15F8-BB64-4612-A487-BC45414C456F}.Debug|Any CPU.ActiveCfg = Debug|Any CPU
		{F83D15F8-BB64-4612-A487-BC45414C456F}.Debug|Any CPU.Build.0 = Debug|Any CPU
		{F83D15F8-BB64-4612-A487-BC45414C456F}.Release|Any CPU.ActiveCfg = Release|Any CPU
		{F83D15F8-BB64-4612-A487-BC45414C456F}.Release|Any CPU.Build.0 = Release|Any CPU
	EndGlobalSection
	GlobalSection(SolutionProperties) = preSolution
		HideSolutionNode = FALSE
	EndGlobalSection
	GlobalSection(ExtensibilityGlobals) = postSolution
		SolutionGuid = {5346DFB7-B9F5-40FB-9B8C-66A4B28F9B0B}
	EndGlobalSection
EndGlobal
